
Microsoft Visual Studio Solution File, Format Version 12.00
# Visual Studio 15
VisualStudioVersion = 15.0.28010.2019
MinimumVisualStudioVersion = 10.0.40219.1
Project("{9092AA53-FB77-4645-B42D-1CCCA6BD08BD}") = "Advanced-JS", "Advanced-JS\Advanced-JS.njsproj", "{7CAC9C2A-0880-43CD-A2EB-BBEADEE794BE}"
EndProject
Global
	GlobalSection(SolutionConfigurationPlatforms) = preSolution
		Debug|Any CPU = Debug|Any CPU
		Release|Any CPU = Release|Any CPU
	EndGlobalSection
	GlobalSection(ProjectConfigurationPlatforms) = postSolution
		{7CAC9C2A-0880-43CD-A2EB-BBEADEE794BE}.Debug|Any CPU.ActiveCfg = Debug|Any CPU
		{7CAC9C2A-0880-43CD-A2EB-BBEADEE794BE}.Debug|Any CPU.Build.0 = Debug|Any CPU
		{7CAC9C2A-0880-43CD-A2EB-BBEADEE794BE}.Release|Any CPU.ActiveCfg = Release|Any CPU
		{7CAC9C2A-0880-43CD-A2EB-BBEADEE794BE}.Release|Any CPU.Build.0 = Release|Any CPU
	EndGlobalSection
	GlobalSection(SolutionProperties) = preSolution
		HideSolutionNode = FALSE
	EndGlobalSection
	GlobalSection(ExtensibilityGlobals) = postSolution
		SolutionGuid = {5887ABAC-3B88-459D-9975-7614E087ED07}
	EndGlobalSection
EndGlobal
