
Microsoft Visual Studio Solution File, Format Version 12.00
# Visual Studio 15
VisualStudioVersion = 15.0.28010.2019
MinimumVisualStudioVersion = 10.0.40219.1
Project("{9092AA53-FB77-4645-B42D-1CCCA6BD08BD}") = "EcmaScript2015", "EcmaScript2015\EcmaScript2015.njsproj", "{C95F8638-4614-4F19-8E7D-57BF9A68530F}"
EndProject
Global
	GlobalSection(SolutionConfigurationPlatforms) = preSolution
		Debug|Any CPU = Debug|Any CPU
		Release|Any CPU = Release|Any CPU
	EndGlobalSection
	GlobalSection(ProjectConfigurationPlatforms) = postSolution
		{C95F8638-4614-4F19-8E7D-57BF9A68530F}.Debug|Any CPU.ActiveCfg = Debug|Any CPU
		{C95F8638-4614-4F19-8E7D-57BF9A68530F}.Debug|Any CPU.Build.0 = Debug|Any CPU
		{C95F8638-4614-4F19-8E7D-57BF9A68530F}.Release|Any CPU.ActiveCfg = Release|Any CPU
		{C95F8638-4614-4F19-8E7D-57BF9A68530F}.Release|Any CPU.Build.0 = Release|Any CPU
	EndGlobalSection
	GlobalSection(SolutionProperties) = preSolution
		HideSolutionNode = FALSE
	EndGlobalSection
	GlobalSection(ExtensibilityGlobals) = postSolution
		SolutionGuid = {C52C5728-6CB1-4EC2-B535-86A846FC7CFA}
	EndGlobalSection
EndGlobal
